// !$*UTF8*$!
{
	archiveVersion = 1;
	classes = {
	};
	objectVersion = 46;
	objects = {

/* Begin PBXBuildFile section */
		442D010B1B399A9D0081C56C /* FileInfo.swift in Sources */ = {isa = PBXBuildFile; fileRef = 44776DA81B399950004B9178 /* FileInfo.swift */; };
		4479EA761B3C114600D5558D /* CheckBoxTableCell.swift in Sources */ = {isa = PBXBuildFile; fileRef = 4479EA751B3C114600D5558D /* CheckBoxTableCell.swift */; };
		44DBD9ED1B3AC4C60097E20C /* .gitignore in Resources */ = {isa = PBXBuildFile; fileRef = 44DBD9EB1B3AC4C60097E20C /* .gitignore */; };
		A90D14EB1B41A8CF00A30590 /* FetchFileSizeManager.swift in Sources */ = {isa = PBXBuildFile; fileRef = A90D14EA1B41A8CF00A30590 /* FetchFileSizeManager.swift */; };
		A90D14ED1B41C5F000A30590 /* TranscriptDownloadManager.swift in Sources */ = {isa = PBXBuildFile; fileRef = A90D14EC1B41C5F000A30590 /* TranscriptDownloadManager.swift */; };
		A9528F271B34C40E002290D3 /* AppDelegate.swift in Sources */ = {isa = PBXBuildFile; fileRef = A9528F261B34C40E002290D3 /* AppDelegate.swift */; };
		A9528F291B34C40E002290D3 /* ViewController.swift in Sources */ = {isa = PBXBuildFile; fileRef = A9528F281B34C40E002290D3 /* ViewController.swift */; };
		A9528F2B1B34C40E002290D3 /* Assets.xcassets in Resources */ = {isa = PBXBuildFile; fileRef = A9528F2A1B34C40E002290D3 /* Assets.xcassets */; };
		A9528F2E1B34C40E002290D3 /* Main.storyboard in Resources */ = {isa = PBXBuildFile; fileRef = A9528F2C1B34C40E002290D3 /* Main.storyboard */; };
		A9528F341B34C427002290D3 /* DownloadSessionInfo.swift in Sources */ = {isa = PBXBuildFile; fileRef = A90284041B2FBDEA00755CA1 /* DownloadSessionInfo.swift */; };
		A9528F351B34C427002290D3 /* WWDCSession.swift in Sources */ = {isa = PBXBuildFile; fileRef = A96E4D631B2EB2770030F908 /* WWDCSession.swift */; };
		A9528F361B34C427002290D3 /* BlockWrappers.swift in Sources */ = {isa = PBXBuildFile; fileRef = A9F9BADA1B34689300BEA874 /* BlockWrappers.swift */; };
		A9528F371B34C427002290D3 /* DownloadFileManager.swift in Sources */ = {isa = PBXBuildFile; fileRef = A9F9BADB1B34689300BEA874 /* DownloadFileManager.swift */; };
		A9528F381B34C427002290D3 /* StringExtras.swift in Sources */ = {isa = PBXBuildFile; fileRef = A96E4D651B2F62340030F908 /* StringExtras.swift */; };
		A9528F3B1B34C45D002290D3 /* TFHpple.m in Sources */ = {isa = PBXBuildFile; fileRef = A983F8521B2D15A700ED681E /* TFHpple.m */; };
		A9528F3C1B34C45D002290D3 /* TFHppleElement.m in Sources */ = {isa = PBXBuildFile; fileRef = A983F8541B2D15A700ED681E /* TFHppleElement.m */; };
		A9528F3D1B34C45D002290D3 /* XPathQuery.m in Sources */ = {isa = PBXBuildFile; fileRef = A983F8561B2D15A700ED681E /* XPathQuery.m */; };
		A97D90A11B34CDF70008CED5 /* libxml2.2.dylib in Frameworks */ = {isa = PBXBuildFile; fileRef = A96E4D611B2D44910030F908 /* libxml2.2.dylib */; };
/* End PBXBuildFile section */

/* Begin PBXFileReference section */
		44776DA81B399950004B9178 /* FileInfo.swift */ = {isa = PBXFileReference; fileEncoding = 4; lastKnownFileType = sourcecode.swift; name = FileInfo.swift; path = Common/FileInfo.swift; sourceTree = "<group>"; };
		4479EA751B3C114600D5558D /* CheckBoxTableCell.swift */ = {isa = PBXFileReference; fileEncoding = 4; lastKnownFileType = sourcecode.swift; path = CheckBoxTableCell.swift; sourceTree = "<group>"; };
		44DBD9EB1B3AC4C60097E20C /* .gitignore */ = {isa = PBXFileReference; fileEncoding = 4; lastKnownFileType = text; path = .gitignore; sourceTree = "<group>"; };
		A90284041B2FBDEA00755CA1 /* DownloadSessionInfo.swift */ = {isa = PBXFileReference; fileEncoding = 4; lastKnownFileType = sourcecode.swift; name = DownloadSessionInfo.swift; path = Common/DownloadSessionInfo.swift; sourceTree = "<group>"; };
		A90D14EA1B41A8CF00A30590 /* FetchFileSizeManager.swift */ = {isa = PBXFileReference; fileEncoding = 4; lastKnownFileType = sourcecode.swift; name = FetchFileSizeManager.swift; path = Common/FetchFileSizeManager.swift; sourceTree = "<group>"; };
		A90D14EC1B41C5F000A30590 /* TranscriptDownloadManager.swift */ = {isa = PBXFileReference; fileEncoding = 4; lastKnownFileType = sourcecode.swift; name = TranscriptDownloadManager.swift; path = Common/TranscriptDownloadManager.swift; sourceTree = "<group>"; };
		A9528F241B34C40D002290D3 /* WWDCapp.app */ = {isa = PBXFileReference; explicitFileType = wrapper.application; includeInIndex = 0; path = WWDCapp.app; sourceTree = BUILT_PRODUCTS_DIR; };
		A9528F261B34C40E002290D3 /* AppDelegate.swift */ = {isa = PBXFileReference; lastKnownFileType = sourcecode.swift; path = AppDelegate.swift; sourceTree = "<group>"; };
		A9528F281B34C40E002290D3 /* ViewController.swift */ = {isa = PBXFileReference; lastKnownFileType = sourcecode.swift; path = ViewController.swift; sourceTree = "<group>"; };
		A9528F2A1B34C40E002290D3 /* Assets.xcassets */ = {isa = PBXFileReference; lastKnownFileType = folder.assetcatalog; path = Assets.xcassets; sourceTree = "<group>"; };
		A9528F2D1B34C40E002290D3 /* Base */ = {isa = PBXFileReference; lastKnownFileType = file.storyboard; name = Base; path = Base.lproj/Main.storyboard; sourceTree = "<group>"; };
		A9528F2F1B34C40E002290D3 /* Info.plist */ = {isa = PBXFileReference; lastKnownFileType = text.plist.xml; path = Info.plist; sourceTree = "<group>"; };
		A9528F3E1B34C5D4002290D3 /* WWDCapp-Bridging-Header.h */ = {isa = PBXFileReference; lastKnownFileType = sourcecode.c.h; path = "WWDCapp-Bridging-Header.h"; sourceTree = "<group>"; };
		A96E4D611B2D44910030F908 /* libxml2.2.dylib */ = {isa = PBXFileReference; lastKnownFileType = "compiled.mach-o.dylib"; name = libxml2.2.dylib; path = /usr/lib/libxml2.2.dylib; sourceTree = "<absolute>"; };
		A96E4D631B2EB2770030F908 /* WWDCSession.swift */ = {isa = PBXFileReference; fileEncoding = 4; lastKnownFileType = sourcecode.swift; name = WWDCSession.swift; path = Common/WWDCSession.swift; sourceTree = "<group>"; };
		A96E4D651B2F62340030F908 /* StringExtras.swift */ = {isa = PBXFileReference; fileEncoding = 4; lastKnownFileType = sourcecode.swift; name = StringExtras.swift; path = Common/StringExtras.swift; sourceTree = "<group>"; };
		A983F8511B2D15A700ED681E /* TFHpple.h */ = {isa = PBXFileReference; fileEncoding = 4; lastKnownFileType = sourcecode.c.h; name = TFHpple.h; path = ../Common/TFHpple.h; sourceTree = "<group>"; };
		A983F8521B2D15A700ED681E /* TFHpple.m */ = {isa = PBXFileReference; fileEncoding = 4; lastKnownFileType = sourcecode.c.objc; name = TFHpple.m; path = ../Common/TFHpple.m; sourceTree = "<group>"; };
		A983F8531B2D15A700ED681E /* TFHppleElement.h */ = {isa = PBXFileReference; fileEncoding = 4; lastKnownFileType = sourcecode.c.h; name = TFHppleElement.h; path = ../Common/TFHppleElement.h; sourceTree = "<group>"; };
		A983F8541B2D15A700ED681E /* TFHppleElement.m */ = {isa = PBXFileReference; fileEncoding = 4; lastKnownFileType = sourcecode.c.objc; name = TFHppleElement.m; path = ../Common/TFHppleElement.m; sourceTree = "<group>"; };
		A983F8551B2D15A700ED681E /* XPathQuery.h */ = {isa = PBXFileReference; fileEncoding = 4; lastKnownFileType = sourcecode.c.h; name = XPathQuery.h; path = ../Common/XPathQuery.h; sourceTree = "<group>"; };
		A983F8561B2D15A700ED681E /* XPathQuery.m */ = {isa = PBXFileReference; fileEncoding = 4; lastKnownFileType = sourcecode.c.objc; name = XPathQuery.m; path = ../Common/XPathQuery.m; sourceTree = "<group>"; };
		A9F9BADA1B34689300BEA874 /* BlockWrappers.swift */ = {isa = PBXFileReference; fileEncoding = 4; lastKnownFileType = sourcecode.swift; name = BlockWrappers.swift; path = Common/BlockWrappers.swift; sourceTree = "<group>"; };
		A9F9BADB1B34689300BEA874 /* DownloadFileManager.swift */ = {isa = PBXFileReference; fileEncoding = 4; lastKnownFileType = sourcecode.swift; name = DownloadFileManager.swift; path = Common/DownloadFileManager.swift; sourceTree = "<group>"; };
/* End PBXFileReference section */

/* Begin PBXFrameworksBuildPhase section */
		A9528F211B34C40D002290D3 /* Frameworks */ = {
			isa = PBXFrameworksBuildPhase;
			buildActionMask = 2147483647;
			files = (
				A97D90A11B34CDF70008CED5 /* libxml2.2.dylib in Frameworks */,
			);
			runOnlyForDeploymentPostprocessing = 0;
		};
/* End PBXFrameworksBuildPhase section */

/* Begin PBXGroup section */
		4FCD057A3AFE451CCAACFA6D /* Frameworks */ = {
			isa = PBXGroup;
			children = (
			);
			name = Frameworks;
			sourceTree = "<group>";
		};
		A90D14E71B3EDB4600A30590 /* Downloading */ = {
			isa = PBXGroup;
			children = (
				A90284041B2FBDEA00755CA1 /* DownloadSessionInfo.swift */,
				A9F9BADB1B34689300BEA874 /* DownloadFileManager.swift */,
				A90D14EA1B41A8CF00A30590 /* FetchFileSizeManager.swift */,
				A90D14EC1B41C5F000A30590 /* TranscriptDownloadManager.swift */,
				A9F9BADA1B34689300BEA874 /* BlockWrappers.swift */,
			);
			name = Downloading;
			sourceTree = "<group>";
		};
		A90D14E81B3EDB4F00A30590 /* Modal */ = {
			isa = PBXGroup;
			children = (
				A96E4D631B2EB2770030F908 /* WWDCSession.swift */,
				44776DA81B399950004B9178 /* FileInfo.swift */,
			);
			name = Modal;
			sourceTree = "<group>";
		};
		A90D14E91B3EDB7200A30590 /* Extensions */ = {
			isa = PBXGroup;
			children = (
				A96E4D651B2F62340030F908 /* StringExtras.swift */,
			);
			name = Extensions;
			sourceTree = "<group>";
		};
		A9528F251B34C40E002290D3 /* WWDCapp */ = {
			isa = PBXGroup;
			children = (
				A9528F3E1B34C5D4002290D3 /* WWDCapp-Bridging-Header.h */,
				A9528F261B34C40E002290D3 /* AppDelegate.swift */,
				A9528F281B34C40E002290D3 /* ViewController.swift */,
				4479EA751B3C114600D5558D /* CheckBoxTableCell.swift */,
				A9528F2C1B34C40E002290D3 /* Main.storyboard */,
				A9528F2A1B34C40E002290D3 /* Assets.xcassets */,
				A9528F2F1B34C40E002290D3 /* Info.plist */,
			);
			path = WWDCapp;
			sourceTree = "<group>";
		};
		A9528F391B34C42E002290D3 /* Common */ = {
			isa = PBXGroup;
			children = (
				A90D14E81B3EDB4F00A30590 /* Modal */,
				A90D14E71B3EDB4600A30590 /* Downloading */,
				A90D14E91B3EDB7200A30590 /* Extensions */,
				A96E4D611B2D44910030F908 /* libxml2.2.dylib */,
				A983F85A1B2D165A00ED681E /* Hpple */,
			);
			name = Common;
			sourceTree = "<group>";
		};
		A983F85A1B2D165A00ED681E /* Hpple */ = {
			isa = PBXGroup;
			children = (
				A983F8511B2D15A700ED681E /* TFHpple.h */,
				A983F8521B2D15A700ED681E /* TFHpple.m */,
				A983F8531B2D15A700ED681E /* TFHppleElement.h */,
				A983F8541B2D15A700ED681E /* TFHppleElement.m */,
				A983F8551B2D15A700ED681E /* XPathQuery.h */,
				A983F8561B2D15A700ED681E /* XPathQuery.m */,
			);
			name = Hpple;
			path = WWDC;
			sourceTree = "<group>";
		};
		A99B1FDF1B2CC5DD0019067A = {
			isa = PBXGroup;
			children = (
				44DBD9EB1B3AC4C60097E20C /* .gitignore */,
				A9528F391B34C42E002290D3 /* Common */,
				A9528F251B34C40E002290D3 /* WWDCapp */,
				A99B1FE91B2CC5DD0019067A /* Products */,
				4FCD057A3AFE451CCAACFA6D /* Frameworks */,
			);
			sourceTree = "<group>";
		};
		A99B1FE91B2CC5DD0019067A /* Products */ = {
			isa = PBXGroup;
			children = (
				A9528F241B34C40D002290D3 /* WWDCapp.app */,
			);
			name = Products;
			sourceTree = "<group>";
		};
/* End PBXGroup section */

/* Begin PBXNativeTarget section */
		A9528F231B34C40D002290D3 /* WWDCapp */ = {
			isa = PBXNativeTarget;
			buildConfigurationList = A9528F301B34C40E002290D3 /* Build configuration list for PBXNativeTarget "WWDCapp" */;
			buildPhases = (
				A9528F201B34C40D002290D3 /* Sources */,
				A9528F211B34C40D002290D3 /* Frameworks */,
				A9528F221B34C40D002290D3 /* Resources */,
			);
			buildRules = (
			);
			dependencies = (
			);
			name = WWDCapp;
			productName = WWDCapp;
			productReference = A9528F241B34C40D002290D3 /* WWDCapp.app */;
			productType = "com.apple.product-type.application";
		};
/* End PBXNativeTarget section */

/* Begin PBXProject section */
		A99B1FE01B2CC5DD0019067A /* Project object */ = {
			isa = PBXProject;
			attributes = {
				LastSwiftUpdateCheck = 0700;
				LastUpgradeCheck = 0700;
				ORGANIZATIONNAME = "Dave Roberts";
				TargetAttributes = {
					A9528F231B34C40D002290D3 = {
						CreatedOnToolsVersion = 7.0;
					};
				};
			};
			buildConfigurationList = A99B1FE31B2CC5DD0019067A /* Build configuration list for PBXProject "WWDC" */;
			compatibilityVersion = "Xcode 3.2";
			developmentRegion = English;
			hasScannedForEncodings = 0;
			knownRegions = (
				en,
				Base,
			);
			mainGroup = A99B1FDF1B2CC5DD0019067A;
			productRefGroup = A99B1FE91B2CC5DD0019067A /* Products */;
			projectDirPath = "";
			projectRoot = "";
			targets = (
				A9528F231B34C40D002290D3 /* WWDCapp */,
			);
		};
/* End PBXProject section */

/* Begin PBXResourcesBuildPhase section */
		A9528F221B34C40D002290D3 /* Resources */ = {
			isa = PBXResourcesBuildPhase;
			buildActionMask = 2147483647;
			files = (
				A9528F2B1B34C40E002290D3 /* Assets.xcassets in Resources */,
				44DBD9ED1B3AC4C60097E20C /* .gitignore in Resources */,
				A9528F2E1B34C40E002290D3 /* Main.storyboard in Resources */,
			);
			runOnlyForDeploymentPostprocessing = 0;
		};
/* End PBXResourcesBuildPhase section */

/* Begin PBXSourcesBuildPhase section */
		A9528F201B34C40D002290D3 /* Sources */ = {
			isa = PBXSourcesBuildPhase;
			buildActionMask = 2147483647;
			files = (
				A9528F291B34C40E002290D3 /* ViewController.swift in Sources */,
				A90D14ED1B41C5F000A30590 /* TranscriptDownloadManager.swift in Sources */,
				A9528F371B34C427002290D3 /* DownloadFileManager.swift in Sources */,
				A9528F381B34C427002290D3 /* StringExtras.swift in Sources */,
				4479EA761B3C114600D5558D /* CheckBoxTableCell.swift in Sources */,
				442D010B1B399A9D0081C56C /* FileInfo.swift in Sources */,
				A9528F3D1B34C45D002290D3 /* XPathQuery.m in Sources */,
				A9528F3C1B34C45D002290D3 /* TFHppleElement.m in Sources */,
				A9528F3B1B34C45D002290D3 /* TFHpple.m in Sources */,
				A9528F351B34C427002290D3 /* WWDCSession.swift in Sources */,
				A90D14EB1B41A8CF00A30590 /* FetchFileSizeManager.swift in Sources */,
				A9528F361B34C427002290D3 /* BlockWrappers.swift in Sources */,
				A9528F341B34C427002290D3 /* DownloadSessionInfo.swift in Sources */,
				A9528F271B34C40E002290D3 /* AppDelegate.swift in Sources */,
			);
			runOnlyForDeploymentPostprocessing = 0;
		};
/* End PBXSourcesBuildPhase section */

/* Begin PBXVariantGroup section */
		A9528F2C1B34C40E002290D3 /* Main.storyboard */ = {
			isa = PBXVariantGroup;
			children = (
				A9528F2D1B34C40E002290D3 /* Base */,
			);
			name = Main.storyboard;
			sourceTree = "<group>";
		};
/* End PBXVariantGroup section */

/* Begin XCBuildConfiguration section */
		A9528F311B34C40E002290D3 /* Debug */ = {
			isa = XCBuildConfiguration;
			buildSettings = {
				ASSETCATALOG_COMPILER_APPICON_NAME = AppIcon;
				CODE_SIGN_IDENTITY = "-";
				COMBINE_HIDPI_IMAGES = YES;
				INFOPLIST_FILE = WWDCapp/Info.plist;
				LD_RUNPATH_SEARCH_PATHS = "$(inherited) @executable_path/../Frameworks";
				MACOSX_DEPLOYMENT_TARGET = 10.11;
				PRODUCT_BUNDLE_IDENTIFIER = com.daveroberts.WWDCapp;
				PRODUCT_NAME = "$(TARGET_NAME)";
				SDKROOT = macosx;
				SWIFT_OBJC_BRIDGING_HEADER = "WWDCapp/WWDCapp-Bridging-Header.h";
			};
			name = Debug;
		};
		A9528F321B34C40E002290D3 /* Release */ = {
			isa = XCBuildConfiguration;
			buildSettings = {
				ASSETCATALOG_COMPILER_APPICON_NAME = AppIcon;
				CODE_SIGN_IDENTITY = "-";
				COMBINE_HIDPI_IMAGES = YES;
				INFOPLIST_FILE = WWDCapp/Info.plist;
				LD_RUNPATH_SEARCH_PATHS = "$(inherited) @executable_path/../Frameworks";
				MACOSX_DEPLOYMENT_TARGET = 10.11;
				PRODUCT_BUNDLE_IDENTIFIER = com.daveroberts.WWDCapp;
				PRODUCT_NAME = "$(TARGET_NAME)";
				SDKROOT = macosx;
				SWIFT_OBJC_BRIDGING_HEADER = "WWDCapp/WWDCapp-Bridging-Header.h";
			};
			name = Release;
		};
		A99B1FF81B2CC5DD0019067A /* Debug */ = {
			isa = XCBuildConfiguration;
			buildSettings = {
				ALWAYS_SEARCH_USER_PATHS = NO;
				CLANG_CXX_LANGUAGE_STANDARD = "gnu++0x";
				CLANG_CXX_LIBRARY = "libc++";
				CLANG_ENABLE_MODULES = YES;
				CLANG_ENABLE_OBJC_ARC = YES;
				CLANG_WARN_BOOL_CONVERSION = YES;
				CLANG_WARN_CONSTANT_CONVERSION = YES;
				CLANG_WARN_DIRECT_OBJC_ISA_USAGE = YES_ERROR;
				CLANG_WARN_EMPTY_BODY = YES;
				CLANG_WARN_ENUM_CONVERSION = YES;
				CLANG_WARN_INT_CONVERSION = YES;
				CLANG_WARN_OBJC_ROOT_CLASS = YES_ERROR;
				CLANG_WARN_UNREACHABLE_CODE = YES;
				CLANG_WARN__DUPLICATE_METHOD_MATCH = YES;
				"CODE_SIGN_IDENTITY[sdk=iphoneos*]" = "iPhone Developer";
				COPY_PHASE_STRIP = NO;
				DEBUG_INFORMATION_FORMAT = dwarf;
				ENABLE_STRICT_OBJC_MSGSEND = YES;
				ENABLE_TESTABILITY = YES;
				GCC_C_LANGUAGE_STANDARD = gnu99;
				GCC_DYNAMIC_NO_PIC = NO;
				GCC_NO_COMMON_BLOCKS = YES;
				GCC_OPTIMIZATION_LEVEL = 0;
				GCC_PREPROCESSOR_DEFINITIONS = (
					"DEBUG=1",
					"$(inherited)",
				);
				GCC_WARN_64_TO_32_BIT_CONVERSION = YES;
				GCC_WARN_ABOUT_RETURN_TYPE = YES_ERROR;
				GCC_WARN_UNDECLARED_SELECTOR = YES;
				GCC_WARN_UNINITIALIZED_AUTOS = YES_AGGRESSIVE;
				GCC_WARN_UNUSED_FUNCTION = YES;
				GCC_WARN_UNUSED_VARIABLE = YES;
				HEADER_SEARCH_PATHS = (
					"$SDKROOT/usr/include/libxml2\n$SDKROOT/usr/include/libxml2\n$SDKROOT/usr/include/libxml2\n",
				);
				IPHONEOS_DEPLOYMENT_TARGET = 9.0;
				MTL_ENABLE_DEBUG_INFO = YES;
				ONLY_ACTIVE_ARCH = YES;
				OTHER_LDFLAGS = "$(inherited)";
				SDKROOT = iphoneos;
				SWIFT_OPTIMIZATION_LEVEL = "-Onone";
			};
			name = Debug;
		};
		A99B1FF91B2CC5DD0019067A /* Release */ = {
			isa = XCBuildConfiguration;
			buildSettings = {
				ALWAYS_SEARCH_USER_PATHS = NO;
				CLANG_CXX_LANGUAGE_STANDARD = "gnu++0x";
				CLANG_CXX_LIBRARY = "libc++";
				CLANG_ENABLE_MODULES = YES;
				CLANG_ENABLE_OBJC_ARC = YES;
				CLANG_WARN_BOOL_CONVERSION = YES;
				CLANG_WARN_CONSTANT_CONVERSION = YES;
				CLANG_WARN_DIRECT_OBJC_ISA_USAGE = YES_ERROR;
				CLANG_WARN_EMPTY_BODY = YES;
				CLANG_WARN_ENUM_CONVERSION = YES;
				CLANG_WARN_INT_CONVERSION = YES;
				CLANG_WARN_OBJC_ROOT_CLASS = YES_ERROR;
				CLANG_WARN_UNREACHABLE_CODE = YES;
				CLANG_WARN__DUPLICATE_METHOD_MATCH = YES;
				"CODE_SIGN_IDENTITY[sdk=iphoneos*]" = "iPhone Developer";
				COPY_PHASE_STRIP = NO;
				DEBUG_INFORMATION_FORMAT = "dwarf-with-dsym";
				ENABLE_NS_ASSERTIONS = NO;
				ENABLE_STRICT_OBJC_MSGSEND = YES;
				GCC_C_LANGUAGE_STANDARD = gnu99;
				GCC_NO_COMMON_BLOCKS = YES;
				GCC_WARN_64_TO_32_BIT_CONVERSION = YES;
				GCC_WARN_ABOUT_RETURN_TYPE = YES_ERROR;
				GCC_WARN_UNDECLARED_SELECTOR = YES;
				GCC_WARN_UNINITIALIZED_AUTOS = YES_AGGRESSIVE;
				GCC_WARN_UNUSED_FUNCTION = YES;
				GCC_WARN_UNUSED_VARIABLE = YES;
				HEADER_SEARCH_PATHS = (
					"$SDKROOT/usr/include/libxml2\n$SDKROOT/usr/include/libxml2\n$SDKROOT/usr/include/libxml2\n",
				);
				IPHONEOS_DEPLOYMENT_TARGET = 9.0;
				MTL_ENABLE_DEBUG_INFO = NO;
				OTHER_LDFLAGS = "$(inherited)";
				SDKROOT = iphoneos;
				VALIDATE_PRODUCT = YES;
			};
			name = Release;
		};
/* End XCBuildConfiguration section */

/* Begin XCConfigurationList section */
		A9528F301B34C40E002290D3 /* Build configuration list for PBXNativeTarget "WWDCapp" */ = {
			isa = XCConfigurationList;
			buildConfigurations = (
				A9528F311B34C40E002290D3 /* Debug */,
				A9528F321B34C40E002290D3 /* Release */,
			);
			defaultConfigurationIsVisible = 0;
			defaultConfigurationName = Release;
		};
		A99B1FE31B2CC5DD0019067A /* Build configuration list for PBXProject "WWDC" */ = {
			isa = XCConfigurationList;
			buildConfigurations = (
				A99B1FF81B2CC5DD0019067A /* Debug */,
				A99B1FF91B2CC5DD0019067A /* Release */,
			);
			defaultConfigurationIsVisible = 0;
			defaultConfigurationName = Release;
		};
/* End XCConfigurationList section */
	};
	rootObject = A99B1FE01B2CC5DD0019067A /* Project object */;
}
